
Microsoft Visual Studio Solution File, Format Version 12.00
# Visual Studio 2012
Project("{FAE04EC0-301F-11D3-BF4B-00C04F79EFBC}") = "JDHSoftware.Krypton.Toolkit.KryptonOutlookGrid", "JDHSoftware.Krypton.Toolkit.KryptonOutlookGrid\JDHSoftware.Krypton.Toolkit.KryptonOutlookGrid.csproj", "{8532CA10-4C92-411E-99B4-65106628D131}"
EndProject
Global
	GlobalSection(TeamFoundationVersionControl) = preSolution
		SccNumberOfProjects = 2
		SccEnterpriseProvider = {4CA58AB2-18FA-4F8D-95D4-32DDF27D184C}
		SccTeamFoundationServer = https://tfs.codeplex.com/tfs/tfs25
		SccLocalPath0 = .
		SccProjectUniqueName1 = JDHSoftware.Krypton.Toolkit.KryptonOutlookGrid\\JDHSoftware.Krypton.Toolkit.KryptonOutlookGrid.csproj
		SccProjectName1 = JDHSoftware.Krypton.Toolkit.KryptonOutlookGrid
		SccLocalPath1 = JDHSoftware.Krypton.Toolkit.KryptonOutlookGrid
	EndGlobalSection
	GlobalSection(SolutionConfigurationPlatforms) = preSolution
		Debug|Any CPU = Debug|Any CPU
		Release|Any CPU = Release|Any CPU
	EndGlobalSection
	GlobalSection(ProjectConfigurationPlatforms) = postSolution
		{8532CA10-4C92-411E-99B4-65106628D131}.Debug|Any CPU.ActiveCfg = Debug|Any CPU
		{8532CA10-4C92-411E-99B4-65106628D131}.Debug|Any CPU.Build.0 = Debug|Any CPU
		{8532CA10-4C92-411E-99B4-65106628D131}.Release|Any CPU.ActiveCfg = Release|Any CPU
		{8532CA10-4C92-411E-99B4-65106628D131}.Release|Any CPU.Build.0 = Release|Any CPU
	EndGlobalSection
	GlobalSection(SolutionProperties) = preSolution
		HideSolutionNode = FALSE
	EndGlobalSection
EndGlobal
